
Microsoft Visual Studio Solution File, Format Version 12.00
# Visual Studio Version 17
VisualStudioVersion = 17.0.31903.59
MinimumVisualStudioVersion = 10.0.40219.1
Project("{FAE04EC0-301F-11D3-BF4B-00C04F79EFBC}") = "Average", "Lab5\Average.csproj", "{B7665615-C781-471B-86EC-B5F7D4C0C979}"
EndProject
Project("{FAE04EC0-301F-11D3-BF4B-00C04F79EFBC}") = "Array2dim", "Array2dim\Array2dim.csproj", "{C8A65113-9947-455E-BEEB-9A13D4944708}"
EndProject
Project("{FAE04EC0-301F-11D3-BF4B-00C04F79EFBC}") = "SumMaxMin", "SumMaxMin\SumMaxMin.csproj", "{8E32F378-7A7D-4132-8C62-4167660FC750}"
EndProject
Project("{FAE04EC0-301F-11D3-BF4B-00C04F79EFBC}") = "increase5decrease", "increase5decrease\increase5decrease.csproj", "{2217AE4B-FDAC-42AD-BCE7-1D2F16469930}"
EndProject
Project("{FAE04EC0-301F-11D3-BF4B-00C04F79EFBC}") = "CountEven", "CountEven\CountEven.csproj", "{34BDC9F5-110D-425F-ACA5-30B20DC1A167}"
EndProject
Global
	GlobalSection(SolutionConfigurationPlatforms) = preSolution
		Debug|Any CPU = Debug|Any CPU
		Release|Any CPU = Release|Any CPU
	EndGlobalSection
	GlobalSection(ProjectConfigurationPlatforms) = postSolution
		{B7665615-C781-471B-86EC-B5F7D4C0C979}.Debug|Any CPU.ActiveCfg = Debug|Any CPU
		{B7665615-C781-471B-86EC-B5F7D4C0C979}.Debug|Any CPU.Build.0 = Debug|Any CPU
		{B7665615-C781-471B-86EC-B5F7D4C0C979}.Release|Any CPU.ActiveCfg = Release|Any CPU
		{B7665615-C781-471B-86EC-B5F7D4C0C979}.Release|Any CPU.Build.0 = Release|Any CPU
		{C8A65113-9947-455E-BEEB-9A13D4944708}.Debug|Any CPU.ActiveCfg = Debug|Any CPU
		{C8A65113-9947-455E-BEEB-9A13D4944708}.Debug|Any CPU.Build.0 = Debug|Any CPU
		{C8A65113-9947-455E-BEEB-9A13D4944708}.Release|Any CPU.ActiveCfg = Release|Any CPU
		{C8A65113-9947-455E-BEEB-9A13D4944708}.Release|Any CPU.Build.0 = Release|Any CPU
		{8E32F378-7A7D-4132-8C62-4167660FC750}.Debug|Any CPU.ActiveCfg = Debug|Any CPU
		{8E32F378-7A7D-4132-8C62-4167660FC750}.Debug|Any CPU.Build.0 = Debug|Any CPU
		{8E32F378-7A7D-4132-8C62-4167660FC750}.Release|Any CPU.ActiveCfg = Release|Any CPU
		{8E32F378-7A7D-4132-8C62-4167660FC750}.Release|Any CPU.Build.0 = Release|Any CPU
		{2217AE4B-FDAC-42AD-BCE7-1D2F16469930}.Debug|Any CPU.ActiveCfg = Debug|Any CPU
		{2217AE4B-FDAC-42AD-BCE7-1D2F16469930}.Debug|Any CPU.Build.0 = Debug|Any CPU
		{2217AE4B-FDAC-42AD-BCE7-1D2F16469930}.Release|Any CPU.ActiveCfg = Release|Any CPU
		{2217AE4B-FDAC-42AD-BCE7-1D2F16469930}.Release|Any CPU.Build.0 = Release|Any CPU
		{34BDC9F5-110D-425F-ACA5-30B20DC1A167}.Debug|Any CPU.ActiveCfg = Debug|Any CPU
		{34BDC9F5-110D-425F-ACA5-30B20DC1A167}.Debug|Any CPU.Build.0 = Debug|Any CPU
		{34BDC9F5-110D-425F-ACA5-30B20DC1A167}.Release|Any CPU.ActiveCfg = Release|Any CPU
		{34BDC9F5-110D-425F-ACA5-30B20DC1A167}.Release|Any CPU.Build.0 = Release|Any CPU
	EndGlobalSection
	GlobalSection(SolutionProperties) = preSolution
		HideSolutionNode = FALSE
	EndGlobalSection
	GlobalSection(ExtensibilityGlobals) = postSolution
		SolutionGuid = {DD55470B-8AE2-4967-9660-9ACF531E0269}
	EndGlobalSection
EndGlobal
